
Microsoft Visual Studio Solution File, Format Version 12.00
# Visual Studio 2012
Project("{F184B08F-C81C-45F6-A57F-5ABD9991F28F}") = "XIRPL6_32_Saadatul Sholehah_2", "XIRPL6_32_Saadatul Sholehah_2\XIRPL6_32_Saadatul Sholehah_2.vbproj", "{527B1E97-E248-4153-99AB-493BBD1037DE}"
EndProject
Global
	GlobalSection(SolutionConfigurationPlatforms) = preSolution
		Debug|Any CPU = Debug|Any CPU
		Release|Any CPU = Release|Any CPU
	EndGlobalSection
	GlobalSection(ProjectConfigurationPlatforms) = postSolution
		{527B1E97-E248-4153-99AB-493BBD1037DE}.Debug|Any CPU.ActiveCfg = Debug|Any CPU
		{527B1E97-E248-4153-99AB-493BBD1037DE}.Debug|Any CPU.Build.0 = Debug|Any CPU
		{527B1E97-E248-4153-99AB-493BBD1037DE}.Release|Any CPU.ActiveCfg = Release|Any CPU
		{527B1E97-E248-4153-99AB-493BBD1037DE}.Release|Any CPU.Build.0 = Release|Any CPU
	EndGlobalSection
	GlobalSection(SolutionProperties) = preSolution
		HideSolutionNode = FALSE
	EndGlobalSection
EndGlobal
